# agentic-artifact:
#   schema: agentic-artifact/v2
#   id: deploy.dependencies.operational-realization-gate-lock
#   version: 1
#   status: active
#   layer: 04.deploy
#   domain: deployment.realization
#   disciplines: [architecture, security, sre]
#   kind: contract
#   purpose: Lock all validation and installer dependencies to reviewed wheel artifacts.
#   portability: {class: reusable, targets: [entity-builder]}
#   used_by:
#   - id: deploy.script.operational-realization-clean-environment
#     path: scripts/04.deploy/operational-realization-gate/clean_environment.py
#
# Runtime contract: CPython 3.14.4, standard GIL, Linux x86_64, glibc >= 2.17.
# Only the selected wheel for this platform (or universal Python wheel) is allowed.
# No source distribution, dependency range, implicit dependency or alternate index.
# Artifact metadata: https://pypi.org/pypi/<package>/<version>/json
# Independently downloaded and SHA-256 verified for this lock on 2026-09-29.
# Updating versions, hashes or runtime is an explicit source review and clean-check change.

# pip-25.2-py3-none-any.whl
pip==25.2 --hash=sha256:6d67a2b4e7f14d8b31b8b52648866fa717f45a1eb70e83002f4331d07e953717

# pyyaml-6.0.3-cp314-cp314-manylinux2014_x86_64.manylinux_2_17_x86_64.manylinux_2_28_x86_64.whl
PyYAML==6.0.3 --hash=sha256:c458b6d084f9b935061bc36216e8a69a7e293a2f1e68bf956dcd9e6cbcd143f5

# jsonschema-4.19.2-py3-none-any.whl
jsonschema==4.19.2 --hash=sha256:eee9e502c788e89cb166d4d37f43084e3b64ab405c795c03d343a4dbc2c810fc

# attrs-25.4.0-py3-none-any.whl
attrs==25.4.0 --hash=sha256:adcf7e2a1fb3b36ac48d97835bb6d8ade15b8dcce26aba8bf1d14847b57a3373

# referencing-0.36.2-py3-none-any.whl
referencing==0.36.2 --hash=sha256:e8699adbbf8b5c7de96d8ffa0eb5c158b3beafce084968e2ea8bb08c6794dcd0

# rpds_py-0.27.1-cp314-cp314-manylinux_2_17_x86_64.manylinux2014_x86_64.whl
rpds-py==0.27.1 --hash=sha256:12ed005216a51b1d6e2b02a7bd31885fe317e45897de81d86dcce7d74618ffff

# jsonschema_specifications-2023.12.1-py3-none-any.whl
jsonschema-specifications==2023.12.1 --hash=sha256:87e4fdf3a94858b8a2ba2778d9ba57d8a9cafca7c7489c46ba0d30a8bc6a9c3c

# typing_extensions-4.15.0-py3-none-any.whl
typing-extensions==4.15.0 --hash=sha256:f0fa19c6845758ab08074a0cfa8b7aecb71c999ca73d62883bc25cc018c4e548
